
Microsoft Visual Studio Solution File, Format Version 12.00
# Visual Studio 15
VisualStudioVersion = 15.0.27428.2043
MinimumVisualStudioVersion = 10.0.40219.1
Project("{9A19103F-16F7-4668-BE54-9A1E7A4F7556}") = "TwitchChatBot", "TwitchChatBot\TwitchChatBot.csproj", "{CDCF026C-5E78-4774-9C4D-F4F3416075D5}"
EndProject
Global
	GlobalSection(SolutionConfigurationPlatforms) = preSolution
		Debug|Any CPU = Debug|Any CPU
		Release|Any CPU = Release|Any CPU
	EndGlobalSection
	GlobalSection(ProjectConfigurationPlatforms) = postSolution
		{CDCF026C-5E78-4774-9C4D-F4F3416075D5}.Debug|Any CPU.ActiveCfg = Debug|Any CPU
		{CDCF026C-5E78-4774-9C4D-F4F3416075D5}.Debug|Any CPU.Build.0 = Debug|Any CPU
		{CDCF026C-5E78-4774-9C4D-F4F3416075D5}.Release|Any CPU.ActiveCfg = Release|Any CPU
		{CDCF026C-5E78-4774-9C4D-F4F3416075D5}.Release|Any CPU.Build.0 = Release|Any CPU
	EndGlobalSection
	GlobalSection(SolutionProperties) = preSolution
		HideSolutionNode = FALSE
	EndGlobalSection
	GlobalSection(ExtensibilityGlobals) = postSolution
		SolutionGuid = {7FD5C633-875D-46B0-9CBA-B44F24D8B7A6}
	EndGlobalSection
EndGlobal
